
Microsoft Visual Studio Solution File, Format Version 12.00
# Visual Studio Version 16
VisualStudioVersion = 16.0.29424.173
MinimumVisualStudioVersion = 10.0.40219.1
Project("{FAE04EC0-301F-11D3-BF4B-00C04F79EFBC}") = "sampleCoreWeb1", "sampleCoreWeb1.csproj", "{B23F4A5C-5E89-4759-A503-10A2ADF411C7}"
EndProject
Global
	GlobalSection(SolutionConfigurationPlatforms) = preSolution
		Debug|Any CPU = Debug|Any CPU
		Release|Any CPU = Release|Any CPU
	EndGlobalSection
	GlobalSection(ProjectConfigurationPlatforms) = postSolution
		{B23F4A5C-5E89-4759-A503-10A2ADF411C7}.Debug|Any CPU.ActiveCfg = Debug|Any CPU
		{B23F4A5C-5E89-4759-A503-10A2ADF411C7}.Debug|Any CPU.Build.0 = Debug|Any CPU
		{B23F4A5C-5E89-4759-A503-10A2ADF411C7}.Release|Any CPU.ActiveCfg = Release|Any CPU
		{B23F4A5C-5E89-4759-A503-10A2ADF411C7}.Release|Any CPU.Build.0 = Release|Any CPU
	EndGlobalSection
	GlobalSection(SolutionProperties) = preSolution
		HideSolutionNode = FALSE
	EndGlobalSection
	GlobalSection(ExtensibilityGlobals) = postSolution
		SolutionGuid = {C7C09572-9198-4C04-B39A-FEAE310315E2}
	EndGlobalSection
EndGlobal
